
Microsoft Visual Studio Solution File, Format Version 12.00
Project("{FAE04EC0-301F-11D3-BF4B-00C04F79EFBC}") = "CoffeeDistributor", "CoffeeDistributor\CoffeeDistributor.csproj", "{034EC2F8-8E6A-4B90-BE9E-68C3648E1797}"
EndProject
Global
	GlobalSection(SolutionConfigurationPlatforms) = preSolution
		Debug|Any CPU = Debug|Any CPU
		Release|Any CPU = Release|Any CPU
	EndGlobalSection
	GlobalSection(ProjectConfigurationPlatforms) = postSolution
		{034EC2F8-8E6A-4B90-BE9E-68C3648E1797}.Debug|Any CPU.ActiveCfg = Debug|Any CPU
		{034EC2F8-8E6A-4B90-BE9E-68C3648E1797}.Debug|Any CPU.Build.0 = Debug|Any CPU
		{034EC2F8-8E6A-4B90-BE9E-68C3648E1797}.Release|Any CPU.ActiveCfg = Release|Any CPU
		{034EC2F8-8E6A-4B90-BE9E-68C3648E1797}.Release|Any CPU.Build.0 = Release|Any CPU
	EndGlobalSection
EndGlobal
